{
  "name": "jam-graph",
  "version": "0.0.1",
  "lockfileVersion": 2,
  "requires": true,
  "packages": {
    "": {
      "name": "jam-graph",
      "version": "0.0.1",
      "license": "MIT",
      "dependencies": {
        "@symbiotejs/symbiote": "^1.10.5"
      }
    },
    "node_modules/@symbiotejs/symbiote": {
      "version": "1.10.5",
      "resolved": "https://registry.npmjs.org/@symbiotejs/symbiote/-/symbiote-1.10.5.tgz",
      "integrity": "sha512-CvOWMhYvVmwGU2tnswhMT7W22mSpOdEn4rtZs5gCR5N0D+K9Gn+1C98NQCTvCDkXdSjL1rVIN/hwxbhKJKuoDQ=="
    }
  },
  "dependencies": {
    "@symbiotejs/symbiote": {
      "version": "1.10.5",
      "resolved": "https://registry.npmjs.org/@symbiotejs/symbiote/-/symbiote-1.10.5.tgz",
      "integrity": "sha512-CvOWMhYvVmwGU2tnswhMT7W22mSpOdEn4rtZs5gCR5N0D+K9Gn+1C98NQCTvCDkXdSjL1rVIN/hwxbhKJKuoDQ=="
    }
  }
}
